
Microsoft Visual Studio Solution File, Format Version 12.00
Project("{FAE04EC0-301F-11D3-BF4B-00C04F79EFBC}") = "Firepuma.Payments.Domain", "Firepuma.Payments.Domain\Firepuma.Payments.Domain.csproj", "{5F8F7FE4-1A2C-452A-9744-5A2EA39FE756}"
EndProject
Project("{FAE04EC0-301F-11D3-BF4B-00C04F79EFBC}") = "Firepuma.Payments.Infrastructure", "Firepuma.Payments.Infrastructure\Firepuma.Payments.Infrastructure.csproj", "{785575BE-D344-4659-A1FA-0149F276007F}"
EndProject
Project("{FAE04EC0-301F-11D3-BF4B-00C04F79EFBC}") = "Firepuma.Payments.Tests", "Firepuma.Payments.Tests\Firepuma.Payments.Tests.csproj", "{8264E332-2B52-47D4-A5FA-A0AB0AA92EB7}"
EndProject
Project("{FAE04EC0-301F-11D3-BF4B-00C04F79EFBC}") = "Firepuma.Payments.Worker", "Firepuma.Payments.Worker\Firepuma.Payments.Worker.csproj", "{EC682CD5-BB0D-4CAD-A49D-31EF09C7FA9F}"
EndProject
Project("{2150E333-8FDC-42A3-9474-1A3956D46DE8}") = "SolutionFiles", "SolutionFiles", "{0EC384C4-88D3-4F4A-98A0-44D2C4A04B88}"
	ProjectSection(SolutionItems) = preProject
		.dockerignore = .dockerignore
		.gitignore = .gitignore
		README.md = README.md
	EndProjectSection
EndProject
Project("{2150E333-8FDC-42A3-9474-1A3956D46DE8}") = ".github", ".github", "{675C9268-9283-43D7-B440-0CEFAF1ACD30}"
EndProject
Project("{2150E333-8FDC-42A3-9474-1A3956D46DE8}") = "workflows", "workflows", "{F017EAE8-0A30-49CE-8CBD-DAFEE68CCA0D}"
	ProjectSection(SolutionItems) = preProject
		.github\workflows\unit-tests-only.yml = .github\workflows\unit-tests-only.yml
		.github\workflows\deploy-gcloud-run-service.yml = .github\workflows\deploy-gcloud-run-service.yml
	EndProjectSection
EndProject
Global
	GlobalSection(SolutionConfigurationPlatforms) = preSolution
		Debug|Any CPU = Debug|Any CPU
		Release|Any CPU = Release|Any CPU
	EndGlobalSection
	GlobalSection(ProjectConfigurationPlatforms) = postSolution
		{5F8F7FE4-1A2C-452A-9744-5A2EA39FE756}.Debug|Any CPU.ActiveCfg = Debug|Any CPU
		{5F8F7FE4-1A2C-452A-9744-5A2EA39FE756}.Debug|Any CPU.Build.0 = Debug|Any CPU
		{5F8F7FE4-1A2C-452A-9744-5A2EA39FE756}.Release|Any CPU.ActiveCfg = Release|Any CPU
		{5F8F7FE4-1A2C-452A-9744-5A2EA39FE756}.Release|Any CPU.Build.0 = Release|Any CPU
		{785575BE-D344-4659-A1FA-0149F276007F}.Debug|Any CPU.ActiveCfg = Debug|Any CPU
		{785575BE-D344-4659-A1FA-0149F276007F}.Debug|Any CPU.Build.0 = Debug|Any CPU
		{785575BE-D344-4659-A1FA-0149F276007F}.Release|Any CPU.ActiveCfg = Release|Any CPU
		{785575BE-D344-4659-A1FA-0149F276007F}.Release|Any CPU.Build.0 = Release|Any CPU
		{8264E332-2B52-47D4-A5FA-A0AB0AA92EB7}.Debug|Any CPU.ActiveCfg = Debug|Any CPU
		{8264E332-2B52-47D4-A5FA-A0AB0AA92EB7}.Debug|Any CPU.Build.0 = Debug|Any CPU
		{8264E332-2B52-47D4-A5FA-A0AB0AA92EB7}.Release|Any CPU.ActiveCfg = Release|Any CPU
		{8264E332-2B52-47D4-A5FA-A0AB0AA92EB7}.Release|Any CPU.Build.0 = Release|Any CPU
		{EC682CD5-BB0D-4CAD-A49D-31EF09C7FA9F}.Debug|Any CPU.ActiveCfg = Debug|Any CPU
		{EC682CD5-BB0D-4CAD-A49D-31EF09C7FA9F}.Debug|Any CPU.Build.0 = Debug|Any CPU
		{EC682CD5-BB0D-4CAD-A49D-31EF09C7FA9F}.Release|Any CPU.ActiveCfg = Release|Any CPU
		{EC682CD5-BB0D-4CAD-A49D-31EF09C7FA9F}.Release|Any CPU.Build.0 = Release|Any CPU
	EndGlobalSection
	GlobalSection(NestedProjects) = preSolution
		{675C9268-9283-43D7-B440-0CEFAF1ACD30} = {0EC384C4-88D3-4F4A-98A0-44D2C4A04B88}
		{F017EAE8-0A30-49CE-8CBD-DAFEE68CCA0D} = {675C9268-9283-43D7-B440-0CEFAF1ACD30}
	EndGlobalSection
EndGlobal
